
Microsoft Visual Studio Solution File, Format Version 12.00
# Visual Studio Version 17
VisualStudioVersion = 17.10.34928.147
MinimumVisualStudioVersion = 10.0.40219.1
Project("{FAE04EC0-301F-11D3-BF4B-00C04F79EFBC}") = "ChatServerApp", "ChatServerApp\ChatServerApp.csproj", "{FE485F60-5C80-4823-B0F2-9B718C63F44D}"
EndProject
Project("{FAE04EC0-301F-11D3-BF4B-00C04F79EFBC}") = "ChatClientApp", "ChatClientApp\ChatClientApp.csproj", "{4304CB71-228D-41EC-9DAB-9093DEEFF154}"
EndProject
Global
	GlobalSection(SolutionConfigurationPlatforms) = preSolution
		Debug|Any CPU = Debug|Any CPU
		Release|Any CPU = Release|Any CPU
	EndGlobalSection
	GlobalSection(ProjectConfigurationPlatforms) = postSolution
		{FE485F60-5C80-4823-B0F2-9B718C63F44D}.Debug|Any CPU.ActiveCfg = Debug|Any CPU
		{FE485F60-5C80-4823-B0F2-9B718C63F44D}.Debug|Any CPU.Build.0 = Debug|Any CPU
		{FE485F60-5C80-4823-B0F2-9B718C63F44D}.Release|Any CPU.ActiveCfg = Release|Any CPU
		{FE485F60-5C80-4823-B0F2-9B718C63F44D}.Release|Any CPU.Build.0 = Release|Any CPU
		{4304CB71-228D-41EC-9DAB-9093DEEFF154}.Debug|Any CPU.ActiveCfg = Debug|Any CPU
		{4304CB71-228D-41EC-9DAB-9093DEEFF154}.Debug|Any CPU.Build.0 = Debug|Any CPU
		{4304CB71-228D-41EC-9DAB-9093DEEFF154}.Release|Any CPU.ActiveCfg = Release|Any CPU
		{4304CB71-228D-41EC-9DAB-9093DEEFF154}.Release|Any CPU.Build.0 = Release|Any CPU
	EndGlobalSection
	GlobalSection(SolutionProperties) = preSolution
		HideSolutionNode = FALSE
	EndGlobalSection
	GlobalSection(ExtensibilityGlobals) = postSolution
		SolutionGuid = {D86AEDB0-4155-4EAC-AD72-B261FED0D1E8}
	EndGlobalSection
EndGlobal
